
Microsoft Visual Studio Solution File, Format Version 12.00
# Visual Studio Version 17
VisualStudioVersion = 17.7.34009.444
MinimumVisualStudioVersion = 10.0.40219.1
Project("{FAE04EC0-301F-11D3-BF4B-00C04F79EFBC}") = "Tests", "Tests\Tests.csproj", "{3326F900-DD7B-49FA-A328-69F3286E823F}"
EndProject
Project("{FAE04EC0-301F-11D3-BF4B-00C04F79EFBC}") = "App", "App\App.csproj", "{79B6FF55-CEAD-4EED-9F3A-42206BB9B062}"
EndProject
Global
	GlobalSection(SolutionConfigurationPlatforms) = preSolution
		Debug|Any CPU = Debug|Any CPU
		Release|Any CPU = Release|Any CPU
	EndGlobalSection
	GlobalSection(ProjectConfigurationPlatforms) = postSolution
		{3326F900-DD7B-49FA-A328-69F3286E823F}.Debug|Any CPU.ActiveCfg = Debug|Any CPU
		{3326F900-DD7B-49FA-A328-69F3286E823F}.Debug|Any CPU.Build.0 = Debug|Any CPU
		{3326F900-DD7B-49FA-A328-69F3286E823F}.Release|Any CPU.ActiveCfg = Release|Any CPU
		{3326F900-DD7B-49FA-A328-69F3286E823F}.Release|Any CPU.Build.0 = Release|Any CPU
		{79B6FF55-CEAD-4EED-9F3A-42206BB9B062}.Debug|Any CPU.ActiveCfg = Debug|Any CPU
		{79B6FF55-CEAD-4EED-9F3A-42206BB9B062}.Debug|Any CPU.Build.0 = Debug|Any CPU
		{79B6FF55-CEAD-4EED-9F3A-42206BB9B062}.Release|Any CPU.ActiveCfg = Release|Any CPU
		{79B6FF55-CEAD-4EED-9F3A-42206BB9B062}.Release|Any CPU.Build.0 = Release|Any CPU
	EndGlobalSection
	GlobalSection(SolutionProperties) = preSolution
		HideSolutionNode = FALSE
	EndGlobalSection
	GlobalSection(ExtensibilityGlobals) = postSolution
		SolutionGuid = {87190B10-5E4A-4385-840B-F3B09250F8CA}
	EndGlobalSection
EndGlobal
